// !$*UTF8*$!
{
	archiveVersion = 1;
	classes = {
	};
	objectVersion = 50;
	objects = {

/* Begin PBXBuildFile section */
		4A872B9124565775002A0523 /* AppDelegate.swift in Sources */ = {isa = PBXBuildFile; fileRef = 4A872B9024565775002A0523 /* AppDelegate.swift */; };
		4A872B9324565775002A0523 /* ContentView.swift in Sources */ = {isa = PBXBuildFile; fileRef = 4A872B9224565775002A0523 /* ContentView.swift */; };
		4A872B9524565777002A0523 /* Assets.xcassets in Resources */ = {isa = PBXBuildFile; fileRef = 4A872B9424565777002A0523 /* Assets.xcassets */; };
		4A872B9824565777002A0523 /* Preview Assets.xcassets in Resources */ = {isa = PBXBuildFile; fileRef = 4A872B9724565777002A0523 /* Preview Assets.xcassets */; };
		4A872B9B24565777002A0523 /* Main.storyboard in Resources */ = {isa = PBXBuildFile; fileRef = 4A872B9924565777002A0523 /* Main.storyboard */; };
		4ABC440D2574869C0078378C /* AudioListener.swift in Sources */ = {isa = PBXBuildFile; fileRef = 4ABC440C2574869C0078378C /* AudioListener.swift */; };
		4ABC4410257486AE0078378C /* ConnectionStatus.swift in Sources */ = {isa = PBXBuildFile; fileRef = 4ABC440F257486AE0078378C /* ConnectionStatus.swift */; };
		4ABC441525748AC20078378C /* DecimalField.swift in Sources */ = {isa = PBXBuildFile; fileRef = 4ABC441425748AC20078378C /* DecimalField.swift */; };
/* End PBXBuildFile section */

/* Begin PBXFileReference section */
		4A872B8D24565775002A0523 /* Tinfoil.app */ = {isa = PBXFileReference; explicitFileType = wrapper.application; includeInIndex = 0; path = Tinfoil.app; sourceTree = BUILT_PRODUCTS_DIR; };
		4A872B9024565775002A0523 /* AppDelegate.swift */ = {isa = PBXFileReference; lastKnownFileType = sourcecode.swift; path = AppDelegate.swift; sourceTree = "<group>"; };
		4A872B9224565775002A0523 /* ContentView.swift */ = {isa = PBXFileReference; lastKnownFileType = sourcecode.swift; path = ContentView.swift; sourceTree = "<group>"; };
		4A872B9424565777002A0523 /* Assets.xcassets */ = {isa = PBXFileReference; lastKnownFileType = folder.assetcatalog; path = Assets.xcassets; sourceTree = "<group>"; };
		4A872B9724565777002A0523 /* Preview Assets.xcassets */ = {isa = PBXFileReference; lastKnownFileType = folder.assetcatalog; path = "Preview Assets.xcassets"; sourceTree = "<group>"; };
		4A872B9A24565777002A0523 /* Base */ = {isa = PBXFileReference; lastKnownFileType = file.storyboard; name = Base; path = Base.lproj/Main.storyboard; sourceTree = "<group>"; };
		4A872B9C24565777002A0523 /* Info.plist */ = {isa = PBXFileReference; lastKnownFileType = text.plist.xml; path = Info.plist; sourceTree = "<group>"; };
		4A872B9D24565777002A0523 /* Tinfoil.entitlements */ = {isa = PBXFileReference; lastKnownFileType = text.plist.entitlements; path = Tinfoil.entitlements; sourceTree = "<group>"; };
		4ABC440C2574869C0078378C /* AudioListener.swift */ = {isa = PBXFileReference; lastKnownFileType = sourcecode.swift; path = AudioListener.swift; sourceTree = "<group>"; };
		4ABC440F257486AE0078378C /* ConnectionStatus.swift */ = {isa = PBXFileReference; lastKnownFileType = sourcecode.swift; path = ConnectionStatus.swift; sourceTree = "<group>"; };
		4ABC441425748AC20078378C /* DecimalField.swift */ = {isa = PBXFileReference; lastKnownFileType = sourcecode.swift; path = DecimalField.swift; sourceTree = "<group>"; };
/* End PBXFileReference section */

/* Begin PBXFrameworksBuildPhase section */
		4A872B8A24565775002A0523 /* Frameworks */ = {
			isa = PBXFrameworksBuildPhase;
			buildActionMask = 2147483647;
			files = (
			);
			runOnlyForDeploymentPostprocessing = 0;
		};
/* End PBXFrameworksBuildPhase section */

/* Begin PBXGroup section */
		4A872B8424565775002A0523 = {
			isa = PBXGroup;
			children = (
				4A872B8F24565775002A0523 /* Tinfoil */,
				4A872B8E24565775002A0523 /* Products */,
			);
			sourceTree = "<group>";
		};
		4A872B8E24565775002A0523 /* Products */ = {
			isa = PBXGroup;
			children = (
				4A872B8D24565775002A0523 /* Tinfoil.app */,
			);
			name = Products;
			sourceTree = "<group>";
		};
		4A872B8F24565775002A0523 /* Tinfoil */ = {
			isa = PBXGroup;
			children = (
				4A872B9024565775002A0523 /* AppDelegate.swift */,
				4ABC440C2574869C0078378C /* AudioListener.swift */,
				4ABC440F257486AE0078378C /* ConnectionStatus.swift */,
				4A872B9224565775002A0523 /* ContentView.swift */,
				4ABC441425748AC20078378C /* DecimalField.swift */,
				4A872B9424565777002A0523 /* Assets.xcassets */,
				4A872B9924565777002A0523 /* Main.storyboard */,
				4A872B9C24565777002A0523 /* Info.plist */,
				4A872B9D24565777002A0523 /* Tinfoil.entitlements */,
				4A872B9624565777002A0523 /* Preview Content */,
			);
			path = Tinfoil;
			sourceTree = "<group>";
		};
		4A872B9624565777002A0523 /* Preview Content */ = {
			isa = PBXGroup;
			children = (
				4A872B9724565777002A0523 /* Preview Assets.xcassets */,
			);
			path = "Preview Content";
			sourceTree = "<group>";
		};
/* End PBXGroup section */

/* Begin PBXNativeTarget section */
		4A872B8C24565775002A0523 /* Tinfoil */ = {
			isa = PBXNativeTarget;
			buildConfigurationList = 4A872BA024565777002A0523 /* Build configuration list for PBXNativeTarget "Tinfoil" */;
			buildPhases = (
				4A872B8924565775002A0523 /* Sources */,
				4A872B8A24565775002A0523 /* Frameworks */,
				4A872B8B24565775002A0523 /* Resources */,
			);
			buildRules = (
			);
			dependencies = (
			);
			name = Tinfoil;
			productName = TurntableMonitor;
			productReference = 4A872B8D24565775002A0523 /* Tinfoil.app */;
			productType = "com.apple.product-type.application";
		};
/* End PBXNativeTarget section */

/* Begin PBXProject section */
		4A872B8524565775002A0523 /* Project object */ = {
			isa = PBXProject;
			attributes = {
				LastSwiftUpdateCheck = 1140;
				LastUpgradeCheck = 1220;
				ORGANIZATIONNAME = "Harry Shamansky";
				TargetAttributes = {
					4A872B8C24565775002A0523 = {
						CreatedOnToolsVersion = 11.4;
					};
				};
			};
			buildConfigurationList = 4A872B8824565775002A0523 /* Build configuration list for PBXProject "Tinfoil" */;
			compatibilityVersion = "Xcode 9.3";
			developmentRegion = en;
			hasScannedForEncodings = 0;
			knownRegions = (
				en,
				Base,
			);
			mainGroup = 4A872B8424565775002A0523;
			productRefGroup = 4A872B8E24565775002A0523 /* Products */;
			projectDirPath = "";
			projectRoot = "";
			targets = (
				4A872B8C24565775002A0523 /* Tinfoil */,
			);
		};
/* End PBXProject section */

/* Begin PBXResourcesBuildPhase section */
		4A872B8B24565775002A0523 /* Resources */ = {
			isa = PBXResourcesBuildPhase;
			buildActionMask = 2147483647;
			files = (
				4A872B9B24565777002A0523 /* Main.storyboard in Resources */,
				4A872B9824565777002A0523 /* Preview Assets.xcassets in Resources */,
				4A872B9524565777002A0523 /* Assets.xcassets in Resources */,
			);
			runOnlyForDeploymentPostprocessing = 0;
		};
/* End PBXResourcesBuildPhase section */

/* Begin PBXSourcesBuildPhase section */
		4A872B8924565775002A0523 /* Sources */ = {
			isa = PBXSourcesBuildPhase;
			buildActionMask = 2147483647;
			files = (
				4A872B9324565775002A0523 /* ContentView.swift in Sources */,
				4ABC4410257486AE0078378C /* ConnectionStatus.swift in Sources */,
				4A872B9124565775002A0523 /* AppDelegate.swift in Sources */,
				4ABC441525748AC20078378C /* DecimalField.swift in Sources */,
				4ABC440D2574869C0078378C /* AudioListener.swift in Sources */,
			);
			runOnlyForDeploymentPostprocessing = 0;
		};
/* End PBXSourcesBuildPhase section */

/* Begin PBXVariantGroup section */
		4A872B9924565777002A0523 /* Main.storyboard */ = {
			isa = PBXVariantGroup;
			children = (
				4A872B9A24565777002A0523 /* Base */,
			);
			name = Main.storyboard;
			sourceTree = "<group>";
		};
/* End PBXVariantGroup section */

/* Begin XCBuildConfiguration section */
		4A872B9E24565777002A0523 /* Debug */ = {
			isa = XCBuildConfiguration;
			buildSettings = {
				ALWAYS_SEARCH_USER_PATHS = NO;
				CLANG_ANALYZER_NONNULL = YES;
				CLANG_ANALYZER_NUMBER_OBJECT_CONVERSION = YES_AGGRESSIVE;
				CLANG_CXX_LANGUAGE_STANDARD = "gnu++14";
				CLANG_CXX_LIBRARY = "libc++";
				CLANG_ENABLE_MODULES = YES;
				CLANG_ENABLE_OBJC_ARC = YES;
				CLANG_ENABLE_OBJC_WEAK = YES;
				CLANG_WARN_BLOCK_CAPTURE_AUTORELEASING = YES;
				CLANG_WARN_BOOL_CONVERSION = YES;
				CLANG_WARN_COMMA = YES;
				CLANG_WARN_CONSTANT_CONVERSION = YES;
				CLANG_WARN_DEPRECATED_OBJC_IMPLEMENTATIONS = YES;
				CLANG_WARN_DIRECT_OBJC_ISA_USAGE = YES_ERROR;
				CLANG_WARN_DOCUMENTATION_COMMENTS = YES;
				CLANG_WARN_EMPTY_BODY = YES;
				CLANG_WARN_ENUM_CONVERSION = YES;
				CLANG_WARN_INFINITE_RECURSION = YES;
				CLANG_WARN_INT_CONVERSION = YES;
				CLANG_WARN_NON_LITERAL_NULL_CONVERSION = YES;
				CLANG_WARN_OBJC_IMPLICIT_RETAIN_SELF = YES;
				CLANG_WARN_OBJC_LITERAL_CONVERSION = YES;
				CLANG_WARN_OBJC_ROOT_CLASS = YES_ERROR;
				CLANG_WARN_QUOTED_INCLUDE_IN_FRAMEWORK_HEADER = YES;
				CLANG_WARN_RANGE_LOOP_ANALYSIS = YES;
				CLANG_WARN_STRICT_PROTOTYPES = YES;
				CLANG_WARN_SUSPICIOUS_MOVE = YES;
				CLANG_WARN_UNGUARDED_AVAILABILITY = YES_AGGRESSIVE;
				CLANG_WARN_UNREACHABLE_CODE = YES;
				CLANG_WARN__DUPLICATE_METHOD_MATCH = YES;
				COPY_PHASE_STRIP = NO;
				DEBUG_INFORMATION_FORMAT = dwarf;
				ENABLE_STRICT_OBJC_MSGSEND = YES;
				ENABLE_TESTABILITY = YES;
				GCC_C_LANGUAGE_STANDARD = gnu11;
				GCC_DYNAMIC_NO_PIC = NO;
				GCC_NO_COMMON_BLOCKS = YES;
				GCC_OPTIMIZATION_LEVEL = 0;
				GCC_PREPROCESSOR_DEFINITIONS = (
					"DEBUG=1",
					"$(inherited)",
				);
				GCC_WARN_64_TO_32_BIT_CONVERSION = YES;
				GCC_WARN_ABOUT_RETURN_TYPE = YES_ERROR;
				GCC_WARN_UNDECLARED_SELECTOR = YES;
				GCC_WARN_UNINITIALIZED_AUTOS = YES_AGGRESSIVE;
				GCC_WARN_UNUSED_FUNCTION = YES;
				GCC_WARN_UNUSED_VARIABLE = YES;
				MACOSX_DEPLOYMENT_TARGET = 10.15;
				MTL_ENABLE_DEBUG_INFO = INCLUDE_SOURCE;
				MTL_FAST_MATH = YES;
				ONLY_ACTIVE_ARCH = YES;
				SDKROOT = macosx;
				SWIFT_ACTIVE_COMPILATION_CONDITIONS = DEBUG;
				SWIFT_OPTIMIZATION_LEVEL = "-Onone";
			};
			name = Debug;
		};
		4A872B9F24565777002A0523 /* Release */ = {
			isa = XCBuildConfiguration;
			buildSettings = {
				ALWAYS_SEARCH_USER_PATHS = NO;
				CLANG_ANALYZER_NONNULL = YES;
				CLANG_ANALYZER_NUMBER_OBJECT_CONVERSION = YES_AGGRESSIVE;
				CLANG_CXX_LANGUAGE_STANDARD = "gnu++14";
				CLANG_CXX_LIBRARY = "libc++";
				CLANG_ENABLE_MODULES = YES;
				CLANG_ENABLE_OBJC_ARC = YES;
				CLANG_ENABLE_OBJC_WEAK = YES;
				CLANG_WARN_BLOCK_CAPTURE_AUTORELEASING = YES;
				CLANG_WARN_BOOL_CONVERSION = YES;
				CLANG_WARN_COMMA = YES;
				CLANG_WARN_CONSTANT_CONVERSION = YES;
				CLANG_WARN_DEPRECATED_OBJC_IMPLEMENTATIONS = YES;
				CLANG_WARN_DIRECT_OBJC_ISA_USAGE = YES_ERROR;
				CLANG_WARN_DOCUMENTATION_COMMENTS = YES;
				CLANG_WARN_EMPTY_BODY = YES;
				CLANG_WARN_ENUM_CONVERSION = YES;
				CLANG_WARN_INFINITE_RECURSION = YES;
				CLANG_WARN_INT_CONVERSION = YES;
				CLANG_WARN_NON_LITERAL_NULL_CONVERSION = YES;
				CLANG_WARN_OBJC_IMPLICIT_RETAIN_SELF = YES;
				CLANG_WARN_OBJC_LITERAL_CONVERSION = YES;
				CLANG_WARN_OBJC_ROOT_CLASS = YES_ERROR;
				CLANG_WARN_QUOTED_INCLUDE_IN_FRAMEWORK_HEADER = YES;
				CLANG_WARN_RANGE_LOOP_ANALYSIS = YES;
				CLANG_WARN_STRICT_PROTOTYPES = YES;
				CLANG_WARN_SUSPICIOUS_MOVE = YES;
				CLANG_WARN_UNGUARDED_AVAILABILITY = YES_AGGRESSIVE;
				CLANG_WARN_UNREACHABLE_CODE = YES;
				CLANG_WARN__DUPLICATE_METHOD_MATCH = YES;
				COPY_PHASE_STRIP = NO;
				DEBUG_INFORMATION_FORMAT = "dwarf-with-dsym";
				ENABLE_NS_ASSERTIONS = NO;
				ENABLE_STRICT_OBJC_MSGSEND = YES;
				GCC_C_LANGUAGE_STANDARD = gnu11;
				GCC_NO_COMMON_BLOCKS = YES;
				GCC_WARN_64_TO_32_BIT_CONVERSION = YES;
				GCC_WARN_ABOUT_RETURN_TYPE = YES_ERROR;
				GCC_WARN_UNDECLARED_SELECTOR = YES;
				GCC_WARN_UNINITIALIZED_AUTOS = YES_AGGRESSIVE;
				GCC_WARN_UNUSED_FUNCTION = YES;
				GCC_WARN_UNUSED_VARIABLE = YES;
				MACOSX_DEPLOYMENT_TARGET = 10.15;
				MTL_ENABLE_DEBUG_INFO = NO;
				MTL_FAST_MATH = YES;
				SDKROOT = macosx;
				SWIFT_COMPILATION_MODE = wholemodule;
				SWIFT_OPTIMIZATION_LEVEL = "-O";
			};
			name = Release;
		};
		4A872BA124565777002A0523 /* Debug */ = {
			isa = XCBuildConfiguration;
			buildSettings = {
				ASSETCATALOG_COMPILER_APPICON_NAME = AppIcon;
				CODE_SIGN_ENTITLEMENTS = Tinfoil/Tinfoil.entitlements;
				CODE_SIGN_IDENTITY = "-";
				CODE_SIGN_STYLE = Automatic;
				COMBINE_HIDPI_IMAGES = YES;
				CURRENT_PROJECT_VERSION = 2;
				DEVELOPMENT_ASSET_PATHS = "\"Tinfoil/Preview Content\"";
				DEVELOPMENT_TEAM = B5TXHQBF3Z;
				ENABLE_HARDENED_RUNTIME = YES;
				ENABLE_PREVIEWS = YES;
				INFOPLIST_FILE = "$(SRCROOT)/Tinfoil/Info.plist";
				LD_RUNPATH_SEARCH_PATHS = (
					"$(inherited)",
					"@executable_path/../Frameworks",
				);
				MACOSX_DEPLOYMENT_TARGET = 11.0;
				PRODUCT_BUNDLE_IDENTIFIER = com.harryshamansky.TurntableMonitor;
				PRODUCT_NAME = "$(TARGET_NAME)";
				SWIFT_VERSION = 5.0;
			};
			name = Debug;
		};
		4A872BA224565777002A0523 /* Release */ = {
			isa = XCBuildConfiguration;
			buildSettings = {
				ASSETCATALOG_COMPILER_APPICON_NAME = AppIcon;
				CODE_SIGN_ENTITLEMENTS = Tinfoil/Tinfoil.entitlements;
				CODE_SIGN_IDENTITY = "-";
				CODE_SIGN_STYLE = Automatic;
				COMBINE_HIDPI_IMAGES = YES;
				CURRENT_PROJECT_VERSION = 2;
				DEVELOPMENT_ASSET_PATHS = "\"Tinfoil/Preview Content\"";
				DEVELOPMENT_TEAM = B5TXHQBF3Z;
				ENABLE_HARDENED_RUNTIME = YES;
				ENABLE_PREVIEWS = YES;
				INFOPLIST_FILE = "$(SRCROOT)/Tinfoil/Info.plist";
				LD_RUNPATH_SEARCH_PATHS = (
					"$(inherited)",
					"@executable_path/../Frameworks",
				);
				MACOSX_DEPLOYMENT_TARGET = 11.0;
				PRODUCT_BUNDLE_IDENTIFIER = com.harryshamansky.TurntableMonitor;
				PRODUCT_NAME = "$(TARGET_NAME)";
				SWIFT_VERSION = 5.0;
			};
			name = Release;
		};
/* End XCBuildConfiguration section */

/* Begin XCConfigurationList section */
		4A872B8824565775002A0523 /* Build configuration list for PBXProject "Tinfoil" */ = {
			isa = XCConfigurationList;
			buildConfigurations = (
				4A872B9E24565777002A0523 /* Debug */,
				4A872B9F24565777002A0523 /* Release */,
			);
			defaultConfigurationIsVisible = 0;
			defaultConfigurationName = Release;
		};
		4A872BA024565777002A0523 /* Build configuration list for PBXNativeTarget "Tinfoil" */ = {
			isa = XCConfigurationList;
			buildConfigurations = (
				4A872BA124565777002A0523 /* Debug */,
				4A872BA224565777002A0523 /* Release */,
			);
			defaultConfigurationIsVisible = 0;
			defaultConfigurationName = Release;
		};
/* End XCConfigurationList section */
	};
	rootObject = 4A872B8524565775002A0523 /* Project object */;
}
