{
  "object": {
    "pins": [
      {
        "package": "ColorThiefSwift",
        "repositoryURL": "https://github.com/yamoridon/ColorThiefSwift.git",
        "state": {
          "branch": null,
          "revision": "c86f0e574d1ccb80f719ad1f25baa7dc938e3e1a",
          "version": "0.4.1"
        }
      },
      {
        "package": "DebouncedOnChange",
        "repositoryURL": "https://github.com/Tunous/DebouncedOnChange.git",
        "state": {
          "branch": null,
          "revision": "b699017e13966e35c9388c8cc97151c8883dda1e",
          "version": "1.1.0"
        }
      },
      {
        "package": "HaishinKit",
        "repositoryURL": "https://github.com/shamanskyh/HaishinKit.swift.git",
        "state": {
          "branch": "master",
          "revision": "8c9045baf790a47a0a330b3c17a3757753c8eb2e",
          "version": null
        }
      },
      {
        "package": "Logboard",
        "repositoryURL": "https://github.com/shogo4405/Logboard.git",
        "state": {
          "branch": null,
          "revision": "e597fa65bb2ce9fc56935b4161b1af74495ddb52",
          "version": "2.3.1"
        }
      },
      {
        "package": "SwiftDocCPlugin",
        "repositoryURL": "https://github.com/apple/swift-docc-plugin",
        "state": {
          "branch": null,
          "revision": "9b1258905c21fc1b97bf03d1b4ca12c4ec4e5fda",
          "version": "1.2.0"
        }
      },
      {
        "package": "SymbolKit",
        "repositoryURL": "https://github.com/apple/swift-docc-symbolkit",
        "state": {
          "branch": null,
          "revision": "b45d1f2ed151d057b54504d653e0da5552844e34",
          "version": "1.0.0"
        }
      }
    ]
  },
  "version": 1
}
