{
  "object": {
    "pins": [
      {
        "package": "ColorThiefSwift",
        "repositoryURL": "https://github.com/shamanskyh/ColorThiefSwift",
        "state": {
          "branch": "master",
          "revision": "581f981103a512341f459d1b43002fb311d089a3",
          "version": null
        }
      },
      {
        "package": "DebouncedOnChange",
        "repositoryURL": "https://github.com/Tunous/DebouncedOnChange.git",
        "state": {
          "branch": null,
          "revision": "b699017e13966e35c9388c8cc97151c8883dda1e",
          "version": "1.1.0"
        }
      },
      {
        "package": "HaishinKit",
        "repositoryURL": "https://github.com/shogo4405/HaishinKit.swift.git",
        "state": {
          "branch": null,
          "revision": "6f9a58f5597de23ce3ba2351ab28565839e568f8",
          "version": "1.6.2"
        }
      },
      {
        "package": "Logboard",
        "repositoryURL": "https://github.com/shogo4405/Logboard.git",
        "state": {
          "branch": null,
          "revision": "c6328f9751627287bcddcf0106eb54e5ca6b9ef8",
          "version": "2.4.2"
        }
      }
    ]
  },
  "version": 1
}
